
Microsoft Visual Studio Solution File, Format Version 12.00
# Visual Studio 15
VisualStudioVersion = 15.0.28307.106
MinimumVisualStudioVersion = 10.0.40219.1
Project("{FAE04EC0-301F-11D3-BF4B-00C04F79EFBC}") = "work_time_counter", "work_time_counter\work_time_counter.csproj", "{DABF840C-4031-49B1-88E1-EBDD2BF92EE3}"
EndProject
Global
	GlobalSection(SolutionConfigurationPlatforms) = preSolution
		Debug|Any CPU = Debug|Any CPU
		Release|Any CPU = Release|Any CPU
	EndGlobalSection
	GlobalSection(ProjectConfigurationPlatforms) = postSolution
		{DABF840C-4031-49B1-88E1-EBDD2BF92EE3}.Debug|Any CPU.ActiveCfg = Debug|Any CPU
		{DABF840C-4031-49B1-88E1-EBDD2BF92EE3}.Debug|Any CPU.Build.0 = Debug|Any CPU
		{DABF840C-4031-49B1-88E1-EBDD2BF92EE3}.Release|Any CPU.ActiveCfg = Release|Any CPU
		{DABF840C-4031-49B1-88E1-EBDD2BF92EE3}.Release|Any CPU.Build.0 = Release|Any CPU
	EndGlobalSection
	GlobalSection(SolutionProperties) = preSolution
		HideSolutionNode = FALSE
	EndGlobalSection
	GlobalSection(ExtensibilityGlobals) = postSolution
		SolutionGuid = {C629F9A1-AB0F-4CB0-B81B-62BBDE6A2589}
	EndGlobalSection
EndGlobal
